
Microsoft Visual Studio Solution File, Format Version 12.00
# Visual Studio 15
VisualStudioVersion = 15.0.26730.10
MinimumVisualStudioVersion = 10.0.40219.1
Project("{FAE04EC0-301F-11D3-BF4B-00C04F79EFBC}") = "TTWLauncher", "TTWLauncher\TTWLauncher.csproj", "{1A42CD2F-6677-4286-B23F-39E8BD10770F}"
EndProject
Project("{FAE04EC0-301F-11D3-BF4B-00C04F79EFBC}") = "PatchMaker", "PatchMaker\PatchMaker.csproj", "{34AA5B21-42E1-465C-9A9D-21085A674DAF}"
EndProject
Project("{FAE04EC0-301F-11D3-BF4B-00C04F79EFBC}") = "libBSA", "..\libBSA\libBSA\libBSA.csproj", "{F5CF3830-F5FB-43B9-8DCE-D970757C7EBD}"
EndProject
Project("{FAE04EC0-301F-11D3-BF4B-00C04F79EFBC}") = "libBSA.Tests", "..\libBSA\libBSA.Tests\libBSA.Tests.csproj", "{0EB0A46B-5163-4EEC-B09D-5D1DA669164D}"
EndProject
Project("{FAE04EC0-301F-11D3-BF4B-00C04F79EFBC}") = "libESP", "..\libESP\libESP\libESP.csproj", "{CA403DCF-8D46-48C0-9C47-5AF0C214B18C}"
EndProject
Project("{FAE04EC0-301F-11D3-BF4B-00C04F79EFBC}") = "libESP.Tests", "..\libESP\libESP.Tests\libESP.Tests.csproj", "{E9ED6BBA-9588-460D-B5C7-81496F2FC184}"
EndProject
Project("{FAE04EC0-301F-11D3-BF4B-00C04F79EFBC}") = "Helper", "..\Helper\Helper\Helper.csproj", "{5BBC198D-CFA5-4912-BE13-C87462822D05}"
EndProject
Global
	GlobalSection(SolutionConfigurationPlatforms) = preSolution
		Debug|Any CPU = Debug|Any CPU
		Release|Any CPU = Release|Any CPU
	EndGlobalSection
	GlobalSection(ProjectConfigurationPlatforms) = postSolution
		{1A42CD2F-6677-4286-B23F-39E8BD10770F}.Debug|Any CPU.ActiveCfg = Debug|Any CPU
		{1A42CD2F-6677-4286-B23F-39E8BD10770F}.Debug|Any CPU.Build.0 = Debug|Any CPU
		{1A42CD2F-6677-4286-B23F-39E8BD10770F}.Release|Any CPU.ActiveCfg = Release|Any CPU
		{1A42CD2F-6677-4286-B23F-39E8BD10770F}.Release|Any CPU.Build.0 = Release|Any CPU
		{34AA5B21-42E1-465C-9A9D-21085A674DAF}.Debug|Any CPU.ActiveCfg = Debug|Any CPU
		{34AA5B21-42E1-465C-9A9D-21085A674DAF}.Debug|Any CPU.Build.0 = Debug|Any CPU
		{34AA5B21-42E1-465C-9A9D-21085A674DAF}.Release|Any CPU.ActiveCfg = Release|Any CPU
		{34AA5B21-42E1-465C-9A9D-21085A674DAF}.Release|Any CPU.Build.0 = Release|Any CPU
		{F5CF3830-F5FB-43B9-8DCE-D970757C7EBD}.Debug|Any CPU.ActiveCfg = Debug|Any CPU
		{F5CF3830-F5FB-43B9-8DCE-D970757C7EBD}.Debug|Any CPU.Build.0 = Debug|Any CPU
		{F5CF3830-F5FB-43B9-8DCE-D970757C7EBD}.Release|Any CPU.ActiveCfg = Release|Any CPU
		{F5CF3830-F5FB-43B9-8DCE-D970757C7EBD}.Release|Any CPU.Build.0 = Release|Any CPU
		{0EB0A46B-5163-4EEC-B09D-5D1DA669164D}.Debug|Any CPU.ActiveCfg = Debug|Any CPU
		{0EB0A46B-5163-4EEC-B09D-5D1DA669164D}.Debug|Any CPU.Build.0 = Debug|Any CPU
		{0EB0A46B-5163-4EEC-B09D-5D1DA669164D}.Release|Any CPU.ActiveCfg = Release|Any CPU
		{0EB0A46B-5163-4EEC-B09D-5D1DA669164D}.Release|Any CPU.Build.0 = Release|Any CPU
		{CA403DCF-8D46-48C0-9C47-5AF0C214B18C}.Debug|Any CPU.ActiveCfg = Debug|Any CPU
		{CA403DCF-8D46-48C0-9C47-5AF0C214B18C}.Debug|Any CPU.Build.0 = Debug|Any CPU
		{CA403DCF-8D46-48C0-9C47-5AF0C214B18C}.Release|Any CPU.ActiveCfg = Release|Any CPU
		{CA403DCF-8D46-48C0-9C47-5AF0C214B18C}.Release|Any CPU.Build.0 = Release|Any CPU
		{E9ED6BBA-9588-460D-B5C7-81496F2FC184}.Debug|Any CPU.ActiveCfg = Debug|Any CPU
		{E9ED6BBA-9588-460D-B5C7-81496F2FC184}.Debug|Any CPU.Build.0 = Debug|Any CPU
		{E9ED6BBA-9588-460D-B5C7-81496F2FC184}.Release|Any CPU.ActiveCfg = Release|Any CPU
		{E9ED6BBA-9588-460D-B5C7-81496F2FC184}.Release|Any CPU.Build.0 = Release|Any CPU
		{5BBC198D-CFA5-4912-BE13-C87462822D05}.Debug|Any CPU.ActiveCfg = Debug|Any CPU
		{5BBC198D-CFA5-4912-BE13-C87462822D05}.Debug|Any CPU.Build.0 = Debug|Any CPU
		{5BBC198D-CFA5-4912-BE13-C87462822D05}.Release|Any CPU.ActiveCfg = Release|Any CPU
		{5BBC198D-CFA5-4912-BE13-C87462822D05}.Release|Any CPU.Build.0 = Release|Any CPU
	EndGlobalSection
	GlobalSection(SolutionProperties) = preSolution
		HideSolutionNode = FALSE
	EndGlobalSection
	GlobalSection(ExtensibilityGlobals) = postSolution
		SolutionGuid = {D97534C6-D6F1-4957-B365-F8DC7CFC77DC}
	EndGlobalSection
EndGlobal
